
Microsoft Visual Studio Solution File, Format Version 12.00
# Visual Studio Version 17
VisualStudioVersion = 17.10.35013.160
MinimumVisualStudioVersion = 10.0.40219.1
Project("{FAE04EC0-301F-11D3-BF4B-00C04F79EFBC}") = "LedgerV2", "LedgerV2\LedgerV2.csproj", "{D1C5BDBE-A93C-4021-A05E-1DF8198F8E56}"
EndProject
Global
	GlobalSection(SolutionConfigurationPlatforms) = preSolution
		Debug|Any CPU = Debug|Any CPU
		Release|Any CPU = Release|Any CPU
	EndGlobalSection
	GlobalSection(ProjectConfigurationPlatforms) = postSolution
		{D1C5BDBE-A93C-4021-A05E-1DF8198F8E56}.Debug|Any CPU.ActiveCfg = Debug|Any CPU
		{D1C5BDBE-A93C-4021-A05E-1DF8198F8E56}.Debug|Any CPU.Build.0 = Debug|Any CPU
		{D1C5BDBE-A93C-4021-A05E-1DF8198F8E56}.Release|Any CPU.ActiveCfg = Release|Any CPU
		{D1C5BDBE-A93C-4021-A05E-1DF8198F8E56}.Release|Any CPU.Build.0 = Release|Any CPU
	EndGlobalSection
	GlobalSection(SolutionProperties) = preSolution
		HideSolutionNode = FALSE
	EndGlobalSection
	GlobalSection(ExtensibilityGlobals) = postSolution
		SolutionGuid = {D148A938-1124-467D-9155-B0C0C96CF944}
	EndGlobalSection
EndGlobal
